
Microsoft Visual Studio Solution File, Format Version 12.00
# Visual Studio 15
VisualStudioVersion = 15.0.27428.2043
MinimumVisualStudioVersion = 10.0.40219.1
Project("{8BC9CEB8-8B4A-11D0-8D11-00A0C91BC942}") = "SfmlServer", "SfmlServer\SfmlServer.vcxproj", "{DFF9E435-EEC7-479B-8681-A1D5D945D97A}"
EndProject
Global
	GlobalSection(SolutionConfigurationPlatforms) = preSolution
		Debug|x64 = Debug|x64
		Debug|x86 = Debug|x86
		Release|x64 = Release|x64
		Release|x86 = Release|x86
	EndGlobalSection
	GlobalSection(ProjectConfigurationPlatforms) = postSolution
		{DFF9E435-EEC7-479B-8681-A1D5D945D97A}.Debug|x64.ActiveCfg = Debug|x64
		{DFF9E435-EEC7-479B-8681-A1D5D945D97A}.Debug|x64.Build.0 = Debug|x64
		{DFF9E435-EEC7-479B-8681-A1D5D945D97A}.Debug|x86.ActiveCfg = Debug|Win32
		{DFF9E435-EEC7-479B-8681-A1D5D945D97A}.Debug|x86.Build.0 = Debug|Win32
		{DFF9E435-EEC7-479B-8681-A1D5D945D97A}.Release|x64.ActiveCfg = Release|x64
		{DFF9E435-EEC7-479B-8681-A1D5D945D97A}.Release|x64.Build.0 = Release|x64
		{DFF9E435-EEC7-479B-8681-A1D5D945D97A}.Release|x86.ActiveCfg = Release|Win32
		{DFF9E435-EEC7-479B-8681-A1D5D945D97A}.Release|x86.Build.0 = Release|Win32
	EndGlobalSection
	GlobalSection(SolutionProperties) = preSolution
		HideSolutionNode = FALSE
	EndGlobalSection
	GlobalSection(ExtensibilityGlobals) = postSolution
		SolutionGuid = {652FCF3B-02C1-4ABD-BB6E-97B16D5F749B}
	EndGlobalSection
EndGlobal
